github.com/voorz/wwan-go v0.0.0-20260731153740-68483b6b3dd9 h1:jmMicAlMTMEgXf6BUfWFLUhM1YmtHkmKfcIY6ZM+wLo=
github.com/voorz/wwan-go v0.0.0-20260731153740-68483b6b3dd9/go.mod h1:mW0oTnam1/0WLTbhULbcPz9i5Y5kmNE83e9pRxDpA4Y=
golang.org/x/sys v0.47.0 h1:o7XGOvZQCADBQQ4Y7VNq2dRWQR7JmOUW8Kxx4ZsNgWs=
golang.org/x/sys v0.47.0/go.mod h1:4GL1E5IUh+htKOUEOaiffhrAeqysfVGipDYzABqnCmw=
